
Microsoft Visual Studio Solution File, Format Version 12.00
# Visual Studio Version 17
VisualStudioVersion = 17.1.32328.378
MinimumVisualStudioVersion = 10.0.40219.1
Project("{2150E333-8FDC-42A3-9474-1A3956D46DE8}") = "Services", "Services", "{F750E76B-51C3-4A10-A26F-960A6BD528CC}"
EndProject
Project("{2150E333-8FDC-42A3-9474-1A3956D46DE8}") = "Catalog", "Catalog", "{BC18574E-566B-47AE-9109-2573007CB01C}"
EndProject
Project("{9A19103F-16F7-4668-BE54-9A1E7A4F7556}") = "Catalog.API", "Services\Catalog\Catalog.API\Catalog.API.csproj", "{0EE3728B-CC58-432F-BE48-D303BC18265F}"
EndProject
Project("{E53339B2-1760-4266-BCC7-CA923CBCF16C}") = "docker-compose", "docker-compose.dcproj", "{05D8CCB7-AB45-4B9E-B0D4-D56D8C6B9333}"
EndProject
Project("{2150E333-8FDC-42A3-9474-1A3956D46DE8}") = "Basket", "Basket", "{A093196A-777E-443B-9599-2D5CB9FF4E03}"
EndProject
Project("{9A19103F-16F7-4668-BE54-9A1E7A4F7556}") = "Basket.API", "Services\Basket\Basket.API\Basket.API.csproj", "{491580BB-480D-46A2-9824-41A3E02AEBAE}"
EndProject
Project("{2150E333-8FDC-42A3-9474-1A3956D46DE8}") = "Discount", "Discount", "{0D43ABF1-AA78-4055-83E4-7AB0DC209A25}"
EndProject
Project("{9A19103F-16F7-4668-BE54-9A1E7A4F7556}") = "Discount.API", "Services\Discount\Discount.API\Discount.API.csproj", "{2AA1142D-9A26-4311-A5AA-793827187240}"
EndProject
Project("{9A19103F-16F7-4668-BE54-9A1E7A4F7556}") = "Discount.gRPC", "Services\Discount\Discount.gRPC\Discount.gRPC.csproj", "{F12AE08E-9658-4104-BC7A-69F9C87E039D}"
EndProject
Project("{2150E333-8FDC-42A3-9474-1A3956D46DE8}") = "Ordering", "Ordering", "{5614C664-02E7-4CBE-9A34-46B5C150B9A9}"
EndProject
Project("{9A19103F-16F7-4668-BE54-9A1E7A4F7556}") = "Ordering.API", "Services\Ordering\Ordering.API\Ordering.API.csproj", "{B9AF8063-CF87-4D6E-9C0F-2B9CCEE6D336}"
EndProject
Project("{9A19103F-16F7-4668-BE54-9A1E7A4F7556}") = "Ordering.Domain", "Services\Ordering\Ordering.Domain\Ordering.Domain.csproj", "{62095D91-0EDE-49FE-9BD8-F84289CD754C}"
EndProject
Project("{9A19103F-16F7-4668-BE54-9A1E7A4F7556}") = "Ordering.Application", "Services\Ordering\Ordering.Application\Ordering.Application.csproj", "{17D318B2-BBD7-436C-AFA8-A764361665CE}"
EndProject
Project("{9A19103F-16F7-4668-BE54-9A1E7A4F7556}") = "Ordering.Infrastructure", "Services\Ordering\Ordering.Infrastructure\Ordering.Infrastructure.csproj", "{C33BB17A-6000-49B6-96BD-DDC0597DB8F1}"
EndProject
Project("{2150E333-8FDC-42A3-9474-1A3956D46DE8}") = "BuildingBlocks", "BuildingBlocks", "{3D7A603E-97A7-4450-A8AA-E5674199B183}"
EndProject
Project("{FAE04EC0-301F-11D3-BF4B-00C04F79EFBC}") = "EventBus.Messages", "BuildingBlocks\EventBus.Messages\EventBus.Messages.csproj", "{B01A3FBE-3EBA-4A46-B776-07939D5898A4}"
EndProject
Global
	GlobalSection(SolutionConfigurationPlatforms) = preSolution
		Debug|Any CPU = Debug|Any CPU
		Release|Any CPU = Release|Any CPU
	EndGlobalSection
	GlobalSection(ProjectConfigurationPlatforms) = postSolution
		{0EE3728B-CC58-432F-BE48-D303BC18265F}.Debug|Any CPU.ActiveCfg = Debug|Any CPU
		{0EE3728B-CC58-432F-BE48-D303BC18265F}.Debug|Any CPU.Build.0 = Debug|Any CPU
		{0EE3728B-CC58-432F-BE48-D303BC18265F}.Release|Any CPU.ActiveCfg = Release|Any CPU
		{0EE3728B-CC58-432F-BE48-D303BC18265F}.Release|Any CPU.Build.0 = Release|Any CPU
		{05D8CCB7-AB45-4B9E-B0D4-D56D8C6B9333}.Debug|Any CPU.ActiveCfg = Debug|Any CPU
		{05D8CCB7-AB45-4B9E-B0D4-D56D8C6B9333}.Debug|Any CPU.Build.0 = Debug|Any CPU
		{05D8CCB7-AB45-4B9E-B0D4-D56D8C6B9333}.Release|Any CPU.ActiveCfg = Release|Any CPU
		{05D8CCB7-AB45-4B9E-B0D4-D56D8C6B9333}.Release|Any CPU.Build.0 = Release|Any CPU
		{491580BB-480D-46A2-9824-41A3E02AEBAE}.Debug|Any CPU.ActiveCfg = Debug|Any CPU
		{491580BB-480D-46A2-9824-41A3E02AEBAE}.Debug|Any CPU.Build.0 = Debug|Any CPU
		{491580BB-480D-46A2-9824-41A3E02AEBAE}.Release|Any CPU.ActiveCfg = Release|Any CPU
		{491580BB-480D-46A2-9824-41A3E02AEBAE}.Release|Any CPU.Build.0 = Release|Any CPU
		{2AA1142D-9A26-4311-A5AA-793827187240}.Debug|Any CPU.ActiveCfg = Debug|Any CPU
		{2AA1142D-9A26-4311-A5AA-793827187240}.Debug|Any CPU.Build.0 = Debug|Any CPU
		{2AA1142D-9A26-4311-A5AA-793827187240}.Release|Any CPU.ActiveCfg = Release|Any CPU
		{2AA1142D-9A26-4311-A5AA-793827187240}.Release|Any CPU.Build.0 = Release|Any CPU
		{F12AE08E-9658-4104-BC7A-69F9C87E039D}.Debug|Any CPU.ActiveCfg = Debug|Any CPU
		{F12AE08E-9658-4104-BC7A-69F9C87E039D}.Debug|Any CPU.Build.0 = Debug|Any CPU
		{F12AE08E-9658-4104-BC7A-69F9C87E039D}.Release|Any CPU.ActiveCfg = Release|Any CPU
		{F12AE08E-9658-4104-BC7A-69F9C87E039D}.Release|Any CPU.Build.0 = Release|Any CPU
		{B9AF8063-CF87-4D6E-9C0F-2B9CCEE6D336}.Debug|Any CPU.ActiveCfg = Debug|Any CPU
		{B9AF8063-CF87-4D6E-9C0F-2B9CCEE6D336}.Debug|Any CPU.Build.0 = Debug|Any CPU
		{B9AF8063-CF87-4D6E-9C0F-2B9CCEE6D336}.Release|Any CPU.ActiveCfg = Release|Any CPU
		{B9AF8063-CF87-4D6E-9C0F-2B9CCEE6D336}.Release|Any CPU.Build.0 = Release|Any CPU
		{62095D91-0EDE-49FE-9BD8-F84289CD754C}.Debug|Any CPU.ActiveCfg = Debug|Any CPU
		{62095D91-0EDE-49FE-9BD8-F84289CD754C}.Debug|Any CPU.Build.0 = Debug|Any CPU
		{62095D91-0EDE-49FE-9BD8-F84289CD754C}.Release|Any CPU.ActiveCfg = Release|Any CPU
		{62095D91-0EDE-49FE-9BD8-F84289CD754C}.Release|Any CPU.Build.0 = Release|Any CPU
		{17D318B2-BBD7-436C-AFA8-A764361665CE}.Debug|Any CPU.ActiveCfg = Debug|Any CPU
		{17D318B2-BBD7-436C-AFA8-A764361665CE}.Debug|Any CPU.Build.0 = Debug|Any CPU
		{17D318B2-BBD7-436C-AFA8-A764361665CE}.Release|Any CPU.ActiveCfg = Release|Any CPU
		{17D318B2-BBD7-436C-AFA8-A764361665CE}.Release|Any CPU.Build.0 = Release|Any CPU
		{C33BB17A-6000-49B6-96BD-DDC0597DB8F1}.Debug|Any CPU.ActiveCfg = Debug|Any CPU
		{C33BB17A-6000-49B6-96BD-DDC0597DB8F1}.Debug|Any CPU.Build.0 = Debug|Any CPU
		{C33BB17A-6000-49B6-96BD-DDC0597DB8F1}.Release|Any CPU.ActiveCfg = Release|Any CPU
		{C33BB17A-6000-49B6-96BD-DDC0597DB8F1}.Release|Any CPU.Build.0 = Release|Any CPU
		{B01A3FBE-3EBA-4A46-B776-07939D5898A4}.Debug|Any CPU.ActiveCfg = Debug|Any CPU
		{B01A3FBE-3EBA-4A46-B776-07939D5898A4}.Debug|Any CPU.Build.0 = Debug|Any CPU
		{B01A3FBE-3EBA-4A46-B776-07939D5898A4}.Release|Any CPU.ActiveCfg = Release|Any CPU
		{B01A3FBE-3EBA-4A46-B776-07939D5898A4}.Release|Any CPU.Build.0 = Release|Any CPU
	EndGlobalSection
	GlobalSection(SolutionProperties) = preSolution
		HideSolutionNode = FALSE
	EndGlobalSection
	GlobalSection(NestedProjects) = preSolution
		{BC18574E-566B-47AE-9109-2573007CB01C} = {F750E76B-51C3-4A10-A26F-960A6BD528CC}
		{0EE3728B-CC58-432F-BE48-D303BC18265F} = {BC18574E-566B-47AE-9109-2573007CB01C}
		{A093196A-777E-443B-9599-2D5CB9FF4E03} = {F750E76B-51C3-4A10-A26F-960A6BD528CC}
		{491580BB-480D-46A2-9824-41A3E02AEBAE} = {A093196A-777E-443B-9599-2D5CB9FF4E03}
		{0D43ABF1-AA78-4055-83E4-7AB0DC209A25} = {F750E76B-51C3-4A10-A26F-960A6BD528CC}
		{2AA1142D-9A26-4311-A5AA-793827187240} = {0D43ABF1-AA78-4055-83E4-7AB0DC209A25}
		{F12AE08E-9658-4104-BC7A-69F9C87E039D} = {0D43ABF1-AA78-4055-83E4-7AB0DC209A25}
		{5614C664-02E7-4CBE-9A34-46B5C150B9A9} = {F750E76B-51C3-4A10-A26F-960A6BD528CC}
		{B9AF8063-CF87-4D6E-9C0F-2B9CCEE6D336} = {5614C664-02E7-4CBE-9A34-46B5C150B9A9}
		{62095D91-0EDE-49FE-9BD8-F84289CD754C} = {5614C664-02E7-4CBE-9A34-46B5C150B9A9}
		{17D318B2-BBD7-436C-AFA8-A764361665CE} = {5614C664-02E7-4CBE-9A34-46B5C150B9A9}
		{C33BB17A-6000-49B6-96BD-DDC0597DB8F1} = {5614C664-02E7-4CBE-9A34-46B5C150B9A9}
		{B01A3FBE-3EBA-4A46-B776-07939D5898A4} = {3D7A603E-97A7-4450-A8AA-E5674199B183}
	EndGlobalSection
	GlobalSection(ExtensibilityGlobals) = postSolution
		SolutionGuid = {14DFD841-4FC6-47BC-A2C7-84F978C27E18}
	EndGlobalSection
EndGlobal
